
Microsoft Visual Studio Solution File, Format Version 12.00
# Visual Studio 15
VisualStudioVersion = 15.0.36617.4
MinimumVisualStudioVersion = 10.0.40219.1
Project("{F184B08F-C81C-45F6-A57F-5ABD9991F28F}") = "Repaso 3", "Repaso 3\Repaso 3.vbproj", "{65EFFD48-C488-4568-89AF-EA5DB4D9F745}"
EndProject
Global
	GlobalSection(SolutionConfigurationPlatforms) = preSolution
		Debug|Any CPU = Debug|Any CPU
		Release|Any CPU = Release|Any CPU
	EndGlobalSection
	GlobalSection(ProjectConfigurationPlatforms) = postSolution
		{65EFFD48-C488-4568-89AF-EA5DB4D9F745}.Debug|Any CPU.ActiveCfg = Debug|Any CPU
		{65EFFD48-C488-4568-89AF-EA5DB4D9F745}.Debug|Any CPU.Build.0 = Debug|Any CPU
		{65EFFD48-C488-4568-89AF-EA5DB4D9F745}.Release|Any CPU.ActiveCfg = Release|Any CPU
		{65EFFD48-C488-4568-89AF-EA5DB4D9F745}.Release|Any CPU.Build.0 = Release|Any CPU
	EndGlobalSection
	GlobalSection(SolutionProperties) = preSolution
		HideSolutionNode = FALSE
	EndGlobalSection
	GlobalSection(ExtensibilityGlobals) = postSolution
		SolutionGuid = {1566B35A-BB15-4ED6-B1B5-3BC4E7D07545}
	EndGlobalSection
EndGlobal
